SITE
  remote: http://community.opscode.com/api/v1
  specs:
    chef_handler (1.1.4)
    dmg (1.1.0)
    openssl (1.0.0)
    runit (0.16.2)
    windows (1.7.0)
      chef_handler (>= 0.0.0)
    yum (2.1.0)

GIT
  remote: git://github.com/opscode-cookbooks/apt.git
  ref: master
  sha: 2194dbb3a991793943f4b9edc0a51ec29cd6b758
  specs:
    apt (1.8.0)

GIT
  remote: git://github.com/opscode-cookbooks/build-essential.git
  ref: master
  sha: 0c636536fb1236f792974f3af38f2950a03ed4b2
  specs:
    build-essential (1.3.2)

GIT
  remote: git://github.com/opscode-cookbooks/git.git
  ref: master
  sha: d0eeb663b6172f43787ecf09652e66f4d5c4a7a6
  specs:
    git (2.1.2)
      build-essential (>= 0.0.0)
      dmg (>= 0.0.0)
      runit (>= 0.0.0)
      windows (>= 0.0.0)
      yum (>= 0.0.0)

GIT
  remote: git://github.com/opscode-cookbooks/java.git
  ref: master
  sha: 92a12d17413e8635cdc06dc535f59f53e63c18d7
  specs:
    java (1.8.0)
      windows (>= 0.0.0)

GIT
  remote: git://github.com/opscode-cookbooks/mysql.git
  ref: master
  sha: 9c21c166cc9424be88c148d6dec5163bb0c68f01
  specs:
    mysql (2.1.0)
      build-essential (>= 0.0.0)
      openssl (>= 0.0.0)

GIT
  remote: git://github.com/opscode-cookbooks/postgresql.git
  ref: master
  sha: cdeb1ccca7cfd5564706315a8d95986658b5c300
  specs:
    postgresql (2.1.0)
      openssl (>= 0.0.0)

GIT
  remote: git://github.com/opscode-cookbooks/vim.git
  ref: master
  sha: 88e8d018267d2cd5cfa3260ce55a0025f52dae6f
  specs:
    vim (1.0.2)

GIT
  remote: git://github.com/opscode-cookbooks/zsh.git
  ref: master
  sha: 3bff82836677564478ffc90dfb487ffc986702f3
  specs:
    zsh (1.0.0)

DEPENDENCIES
  apt (>= 0)
  build-essential (>= 0)
  git (>= 0)
  java (>= 0)
  mysql (>= 0)
  postgresql (>= 0)
  vim (>= 0)
  zsh (>= 0)

