SITE
  remote: http://community.opscode.com/api/v1
  specs:
    chef_handler (1.1.4)
    dmg (1.1.0)
    openssl (1.0.0)
    runit (0.16.2)
    windows (1.8.2)
      chef_handler (>= 0.0.0)
    yum (2.1.0)

GIT
  remote: git://github.com/opscode-cookbooks/apt.git
  ref: master
  sha: aa53298d62b4cccdb3bc83690d6c81744c67a7eb
  specs:
    apt (1.8.4)

GIT
  remote: git://github.com/opscode-cookbooks/build-essential.git
  ref: master
  sha: 9bb5751b6a2ff2aba80b92d7668da561c09f1363
  specs:
    build-essential (1.3.4)

GIT
  remote: git://github.com/opscode-cookbooks/git.git
  ref: master
  sha: 019f580382ae1433e0b0e147afc9cd2447474978
  specs:
    git (2.2.0)
      build-essential (>= 0.0.0)
      dmg (>= 0.0.0)
      runit (<= 0.16.2)
      windows (>= 0.0.0)
      yum (>= 0.0.0)

GIT
  remote: git://github.com/opscode-cookbooks/java.git
  ref: master
  sha: fd87806d758b3f498eb261f547d7ca4d2af23023
  specs:
    java (1.9.2)
      windows (>= 0.0.0)

GIT
  remote: git://github.com/opscode-cookbooks/mysql.git
  ref: master
  sha: f2bf3bd916f432b1b704ca7b0638d0da20f6836d
  specs:
    mysql (2.1.2)
      build-essential (>= 0.0.0)
      openssl (>= 0.0.0)

GIT
  remote: git://github.com/opscode-cookbooks/postgresql.git
  ref: master
  sha: 561e74a15139c35321f2ddf2929a824febaa710f
  specs:
    postgresql (2.2.2)
      openssl (>= 0.0.0)

GIT
  remote: git://github.com/opscode-cookbooks/vim.git
  ref: master
  sha: 88e8d018267d2cd5cfa3260ce55a0025f52dae6f
  specs:
    vim (1.0.2)

GIT
  remote: git://github.com/opscode-cookbooks/zsh.git
  ref: master
  sha: bd5d9266591b4271e437a51eb8a23d2dc5fcaab4
  specs:
    zsh (1.0.0)

GIT
  remote: git://github.com/ywjno/ubuntu-change-source-list.git
  ref: master
  sha: 338a1124d9d89179fb0890eea8124d1485cc7a6d
  specs:
    ubuntu-change-source-list (0.1.0)

DEPENDENCIES
  apt (>= 0)
  build-essential (>= 0)
  git (>= 0)
  java (>= 0)
  mysql (>= 0)
  postgresql (>= 0)
  ubuntu-change-source-list (>= 0)
  vim (>= 0)
  zsh (>= 0)

